// !$*UTF8*$!
{
	archiveVersion = 1;
	classes = {
	};
	objectVersion = 46;
	objects = {

/* Begin PBXBuildFile section */
		3743EA0A1D52D07300E05F24 /* main.m in Sources */ = {isa = PBXBuildFile; fileRef = 3743EA091D52D07300E05F24 /* main.m */; };
		3743EA0D1D52D07300E05F24 /* AppDelegate.m in Sources */ = {isa = PBXBuildFile; fileRef = 3743EA0C1D52D07300E05F24 /* AppDelegate.m */; };
		3743EA101D52D07300E05F24 /* ViewController.m in Sources */ = {isa = PBXBuildFile; fileRef = 3743EA0F1D52D07300E05F24 /* ViewController.m */; };
		3743EA151D52D07300E05F24 /* Assets.xcassets in Resources */ = {isa = PBXBuildFile; fileRef = 3743EA141D52D07300E05F24 /* Assets.xcassets */; };
		3743EA181D52D07300E05F24 /* LaunchScreen.storyboard in Resources */ = {isa = PBXBuildFile; fileRef = 3743EA161D52D07300E05F24 /* LaunchScreen.storyboard */; };
		3743EA231D52D07300E05F24 /* Deliver_ResponderChainTestTests.m in Sources */ = {isa = PBXBuildFile; fileRef = 3743EA221D52D07300E05F24 /* Deliver_ResponderChainTestTests.m */; };
		3743EA2E1D52D07300E05F24 /* Deliver_ResponderChainTestUITests.m in Sources */ = {isa = PBXBuildFile; fileRef = 3743EA2D1D52D07300E05F24 /* Deliver_ResponderChainTestUITests.m */; };
		3743EA3D1D52D12500E05F24 /* TCTestView.m in Sources */ = {isa = PBXBuildFile; fileRef = 3743EA3C1D52D12500E05F24 /* TCTestView.m */; };
/* End PBXBuildFile section */

/* Begin PBXContainerItemProxy section */
		3743EA1F1D52D07300E05F24 /* PBXContainerItemProxy */ = {
			isa = PBXContainerItemProxy;
			containerPortal = 3743E9FD1D52D07200E05F24 /* Project object */;
			proxyType = 1;
			remoteGlobalIDString = 3743EA041D52D07200E05F24;
			remoteInfo = "Deliver&ResponderChainTest";
		};
		3743EA2A1D52D07300E05F24 /* PBXContainerItemProxy */ = {
			isa = PBXContainerItemProxy;
			containerPortal = 3743E9FD1D52D07200E05F24 /* Project object */;
			proxyType = 1;
			remoteGlobalIDString = 3743EA041D52D07200E05F24;
			remoteInfo = "Deliver&ResponderChainTest";
		};
/* End PBXContainerItemProxy section */

/* Begin PBXFileReference section */
		3743EA051D52D07200E05F24 /* Deliver&ResponderChainTest.app */ = {isa = PBXFileReference; explicitFileType = wrapper.application; includeInIndex = 0; path = "Deliver&ResponderChainTest.app"; sourceTree = BUILT_PRODUCTS_DIR; };
		3743EA091D52D07300E05F24 /* main.m */ = {isa = PBXFileReference; lastKnownFileType = sourcecode.c.objc; path = main.m; sourceTree = "<group>"; };
		3743EA0B1D52D07300E05F24 /* AppDelegate.h */ = {isa = PBXFileReference; lastKnownFileType = sourcecode.c.h; path = AppDelegate.h; sourceTree = "<group>"; };
		3743EA0C1D52D07300E05F24 /* AppDelegate.m */ = {isa = PBXFileReference; lastKnownFileType = sourcecode.c.objc; path = AppDelegate.m; sourceTree = "<group>"; };
		3743EA0E1D52D07300E05F24 /* ViewController.h */ = {isa = PBXFileReference; lastKnownFileType = sourcecode.c.h; path = ViewController.h; sourceTree = "<group>"; };
		3743EA0F1D52D07300E05F24 /* ViewController.m */ = {isa = PBXFileReference; lastKnownFileType = sourcecode.c.objc; path = ViewController.m; sourceTree = "<group>"; };
		3743EA141D52D07300E05F24 /* Assets.xcassets */ = {isa = PBXFileReference; lastKnownFileType = folder.assetcatalog; path = Assets.xcassets; sourceTree = "<group>"; };
		3743EA171D52D07300E05F24 /* Base */ = {isa = PBXFileReference; lastKnownFileType = file.storyboard; name = Base; path = Base.lproj/LaunchScreen.storyboard; sourceTree = "<group>"; };
		3743EA191D52D07300E05F24 /* Info.plist */ = {isa = PBXFileReference; lastKnownFileType = text.plist.xml; path = Info.plist; sourceTree = "<group>"; };
		3743EA1E1D52D07300E05F24 /* Deliver&ResponderChainTestTests.xctest */ = {isa = PBXFileReference; explicitFileType = wrapper.cfbundle; includeInIndex = 0; path = "Deliver&ResponderChainTestTests.xctest"; sourceTree = BUILT_PRODUCTS_DIR; };
		3743EA221D52D07300E05F24 /* Deliver_ResponderChainTestTests.m */ = {isa = PBXFileReference; lastKnownFileType = sourcecode.c.objc; path = Deliver_ResponderChainTestTests.m; sourceTree = "<group>"; };
		3743EA241D52D07300E05F24 /* Info.plist */ = {isa = PBXFileReference; lastKnownFileType = text.plist.xml; path = Info.plist; sourceTree = "<group>"; };
		3743EA291D52D07300E05F24 /* Deliver&ResponderChainTestUITests.xctest */ = {isa = PBXFileReference; explicitFileType = wrapper.cfbundle; includeInIndex = 0; path = "Deliver&ResponderChainTestUITests.xctest"; sourceTree = BUILT_PRODUCTS_DIR; };
		3743EA2D1D52D07300E05F24 /* Deliver_ResponderChainTestUITests.m */ = {isa = PBXFileReference; lastKnownFileType = sourcecode.c.objc; path = Deliver_ResponderChainTestUITests.m; sourceTree = "<group>"; };
		3743EA2F1D52D07300E05F24 /* Info.plist */ = {isa = PBXFileReference; lastKnownFileType = text.plist.xml; path = Info.plist; sourceTree = "<group>"; };
		3743EA3B1D52D12500E05F24 /* TCTestView.h */ = {isa = PBXFileReference; fileEncoding = 4; lastKnownFileType = sourcecode.c.h; path = TCTestView.h; sourceTree = "<group>"; };
		3743EA3C1D52D12500E05F24 /* TCTestView.m */ = {isa = PBXFileReference; fileEncoding = 4; lastKnownFileType = sourcecode.c.objc; path = TCTestView.m; sourceTree = "<group>"; };
/* End PBXFileReference section */

/* Begin PBXFrameworksBuildPhase section */
		3743EA021D52D07200E05F24 /* Frameworks */ = {
			isa = PBXFrameworksBuildPhase;
			buildActionMask = 2147483647;
			files = (
			);
			runOnlyForDeploymentPostprocessing = 0;
		};
		3743EA1B1D52D07300E05F24 /* Frameworks */ = {
			isa = PBXFrameworksBuildPhase;
			buildActionMask = 2147483647;
			files = (
			);
			runOnlyForDeploymentPostprocessing = 0;
		};
		3743EA261D52D07300E05F24 /* Frameworks */ = {
			isa = PBXFrameworksBuildPhase;
			buildActionMask = 2147483647;
			files = (
			);
			runOnlyForDeploymentPostprocessing = 0;
		};
/* End PBXFrameworksBuildPhase section */

/* Begin PBXGroup section */
		3743E9FC1D52D07200E05F24 = {
			isa = PBXGroup;
			children = (
				3743EA071D52D07300E05F24 /* Deliver&ResponderChainTest */,
				3743EA211D52D07300E05F24 /* Deliver&ResponderChainTestTests */,
				3743EA2C1D52D07300E05F24 /* Deliver&ResponderChainTestUITests */,
				3743EA061D52D07200E05F24 /* Products */,
			);
			sourceTree = "<group>";
		};
		3743EA061D52D07200E05F24 /* Products */ = {
			isa = PBXGroup;
			children = (
				3743EA051D52D07200E05F24 /* Deliver&ResponderChainTest.app */,
				3743EA1E1D52D07300E05F24 /* Deliver&ResponderChainTestTests.xctest */,
				3743EA291D52D07300E05F24 /* Deliver&ResponderChainTestUITests.xctest */,
			);
			name = Products;
			sourceTree = "<group>";
		};
		3743EA071D52D07300E05F24 /* Deliver&ResponderChainTest */ = {
			isa = PBXGroup;
			children = (
				3743EA0B1D52D07300E05F24 /* AppDelegate.h */,
				3743EA0C1D52D07300E05F24 /* AppDelegate.m */,
				3743EA0E1D52D07300E05F24 /* ViewController.h */,
				3743EA0F1D52D07300E05F24 /* ViewController.m */,
				3743EA3B1D52D12500E05F24 /* TCTestView.h */,
				3743EA3C1D52D12500E05F24 /* TCTestView.m */,
				3743EA141D52D07300E05F24 /* Assets.xcassets */,
				3743EA161D52D07300E05F24 /* LaunchScreen.storyboard */,
				3743EA191D52D07300E05F24 /* Info.plist */,
				3743EA081D52D07300E05F24 /* Supporting Files */,
			);
			path = "Deliver&ResponderChainTest";
			sourceTree = "<group>";
		};
		3743EA081D52D07300E05F24 /* Supporting Files */ = {
			isa = PBXGroup;
			children = (
				3743EA091D52D07300E05F24 /* main.m */,
			);
			name = "Supporting Files";
			sourceTree = "<group>";
		};
		3743EA211D52D07300E05F24 /* Deliver&ResponderChainTestTests */ = {
			isa = PBXGroup;
			children = (
				3743EA221D52D07300E05F24 /* Deliver_ResponderChainTestTests.m */,
				3743EA241D52D07300E05F24 /* Info.plist */,
			);
			path = "Deliver&ResponderChainTestTests";
			sourceTree = "<group>";
		};
		3743EA2C1D52D07300E05F24 /* Deliver&ResponderChainTestUITests */ = {
			isa = PBXGroup;
			children = (
				3743EA2D1D52D07300E05F24 /* Deliver_ResponderChainTestUITests.m */,
				3743EA2F1D52D07300E05F24 /* Info.plist */,
			);
			path = "Deliver&ResponderChainTestUITests";
			sourceTree = "<group>";
		};
/* End PBXGroup section */

/* Begin PBXNativeTarget section */
		3743EA041D52D07200E05F24 /* Deliver&ResponderChainTest */ = {
			isa = PBXNativeTarget;
			buildConfigurationList = 3743EA321D52D07300E05F24 /* Build configuration list for PBXNativeTarget "Deliver&ResponderChainTest" */;
			buildPhases = (
				3743EA011D52D07200E05F24 /* Sources */,
				3743EA021D52D07200E05F24 /* Frameworks */,
				3743EA031D52D07200E05F24 /* Resources */,
			);
			buildRules = (
			);
			dependencies = (
			);
			name = "Deliver&ResponderChainTest";
			productName = "Deliver&ResponderChainTest";
			productReference = 3743EA051D52D07200E05F24 /* Deliver&ResponderChainTest.app */;
			productType = "com.apple.product-type.application";
		};
		3743EA1D1D52D07300E05F24 /* Deliver&ResponderChainTestTests */ = {
			isa = PBXNativeTarget;
			buildConfigurationList = 3743EA351D52D07300E05F24 /* Build configuration list for PBXNativeTarget "Deliver&ResponderChainTestTests" */;
			buildPhases = (
				3743EA1A1D52D07300E05F24 /* Sources */,
				3743EA1B1D52D07300E05F24 /* Frameworks */,
				3743EA1C1D52D07300E05F24 /* Resources */,
			);
			buildRules = (
			);
			dependencies = (
				3743EA201D52D07300E05F24 /* PBXTargetDependency */,
			);
			name = "Deliver&ResponderChainTestTests";
			productName = "Deliver&ResponderChainTestTests";
			productReference = 3743EA1E1D52D07300E05F24 /* Deliver&ResponderChainTestTests.xctest */;
			productType = "com.apple.product-type.bundle.unit-test";
		};
		3743EA281D52D07300E05F24 /* Deliver&ResponderChainTestUITests */ = {
			isa = PBXNativeTarget;
			buildConfigurationList = 3743EA381D52D07300E05F24 /* Build configuration list for PBXNativeTarget "Deliver&ResponderChainTestUITests" */;
			buildPhases = (
				3743EA251D52D07300E05F24 /* Sources */,
				3743EA261D52D07300E05F24 /* Frameworks */,
				3743EA271D52D07300E05F24 /* Resources */,
			);
			buildRules = (
			);
			dependencies = (
				3743EA2B1D52D07300E05F24 /* PBXTargetDependency */,
			);
			name = "Deliver&ResponderChainTestUITests";
			productName = "Deliver&ResponderChainTestUITests";
			productReference = 3743EA291D52D07300E05F24 /* Deliver&ResponderChainTestUITests.xctest */;
			productType = "com.apple.product-type.bundle.ui-testing";
		};
/* End PBXNativeTarget section */

/* Begin PBXProject section */
		3743E9FD1D52D07200E05F24 /* Project object */ = {
			isa = PBXProject;
			attributes = {
				LastUpgradeCheck = 0730;
				ORGANIZATIONNAME = lc;
				TargetAttributes = {
					3743EA041D52D07200E05F24 = {
						CreatedOnToolsVersion = 7.3.1;
					};
					3743EA1D1D52D07300E05F24 = {
						CreatedOnToolsVersion = 7.3.1;
						TestTargetID = 3743EA041D52D07200E05F24;
					};
					3743EA281D52D07300E05F24 = {
						CreatedOnToolsVersion = 7.3.1;
						TestTargetID = 3743EA041D52D07200E05F24;
					};
				};
			};
			buildConfigurationList = 3743EA001D52D07200E05F24 /* Build configuration list for PBXProject "Deliver&ResponderChainTest" */;
			compatibilityVersion = "Xcode 3.2";
			developmentRegion = English;
			hasScannedForEncodings = 0;
			knownRegions = (
				en,
				Base,
			);
			mainGroup = 3743E9FC1D52D07200E05F24;
			productRefGroup = 3743EA061D52D07200E05F24 /* Products */;
			projectDirPath = "";
			projectRoot = "";
			targets = (
				3743EA041D52D07200E05F24 /* Deliver&ResponderChainTest */,
				3743EA1D1D52D07300E05F24 /* Deliver&ResponderChainTestTests */,
				3743EA281D52D07300E05F24 /* Deliver&ResponderChainTestUITests */,
			);
		};
/* End PBXProject section */

/* Begin PBXResourcesBuildPhase section */
		3743EA031D52D07200E05F24 /* Resources */ = {
			isa = PBXResourcesBuildPhase;
			buildActionMask = 2147483647;
			files = (
				3743EA181D52D07300E05F24 /* LaunchScreen.storyboard in Resources */,
				3743EA151D52D07300E05F24 /* Assets.xcassets in Resources */,
			);
			runOnlyForDeploymentPostprocessing = 0;
		};
		3743EA1C1D52D07300E05F24 /* Resources */ = {
			isa = PBXResourcesBuildPhase;
			buildActionMask = 2147483647;
			files = (
			);
			runOnlyForDeploymentPostprocessing = 0;
		};
		3743EA271D52D07300E05F24 /* Resources */ = {
			isa = PBXResourcesBuildPhase;
			buildActionMask = 2147483647;
			files = (
			);
			runOnlyForDeploymentPostprocessing = 0;
		};
/* End PBXResourcesBuildPhase section */

/* Begin PBXSourcesBuildPhase section */
		3743EA011D52D07200E05F24 /* Sources */ = {
			isa = PBXSourcesBuildPhase;
			buildActionMask = 2147483647;
			files = (
				3743EA101D52D07300E05F24 /* ViewController.m in Sources */,
				3743EA3D1D52D12500E05F24 /* TCTestView.m in Sources */,
				3743EA0D1D52D07300E05F24 /* AppDelegate.m in Sources */,
				3743EA0A1D52D07300E05F24 /* main.m in Sources */,
			);
			runOnlyForDeploymentPostprocessing = 0;
		};
		3743EA1A1D52D07300E05F24 /* Sources */ = {
			isa = PBXSourcesBuildPhase;
			buildActionMask = 2147483647;
			files = (
				3743EA231D52D07300E05F24 /* Deliver_ResponderChainTestTests.m in Sources */,
			);
			runOnlyForDeploymentPostprocessing = 0;
		};
		3743EA251D52D07300E05F24 /* Sources */ = {
			isa = PBXSourcesBuildPhase;
			buildActionMask = 2147483647;
			files = (
				3743EA2E1D52D07300E05F24 /* Deliver_ResponderChainTestUITests.m in Sources */,
			);
			runOnlyForDeploymentPostprocessing = 0;
		};
/* End PBXSourcesBuildPhase section */

/* Begin PBXTargetDependency section */
		3743EA201D52D07300E05F24 /* PBXTargetDependency */ = {
			isa = PBXTargetDependency;
			target = 3743EA041D52D07200E05F24 /* Deliver&ResponderChainTest */;
			targetProxy = 3743EA1F1D52D07300E05F24 /* PBXContainerItemProxy */;
		};
		3743EA2B1D52D07300E05F24 /* PBXTargetDependency */ = {
			isa = PBXTargetDependency;
			target = 3743EA041D52D07200E05F24 /* Deliver&ResponderChainTest */;
			targetProxy = 3743EA2A1D52D07300E05F24 /* PBXContainerItemProxy */;
		};
/* End PBXTargetDependency section */

/* Begin PBXVariantGroup section */
		3743EA161D52D07300E05F24 /* LaunchScreen.storyboard */ = {
			isa = PBXVariantGroup;
			children = (
				3743EA171D52D07300E05F24 /* Base */,
			);
			name = LaunchScreen.storyboard;
			sourceTree = "<group>";
		};
/* End PBXVariantGroup section */

/* Begin XCBuildConfiguration section */
		3743EA301D52D07300E05F24 /* Debug */ = {
			isa = XCBuildConfiguration;
			buildSettings = {
				ALWAYS_SEARCH_USER_PATHS = NO;
				CLANG_ANALYZER_NONNULL = YES;
				CLANG_CXX_LANGUAGE_STANDARD = "gnu++0x";
				CLANG_CXX_LIBRARY = "libc++";
				CLANG_ENABLE_MODULES = YES;
				CLANG_ENABLE_OBJC_ARC = YES;
				CLANG_WARN_BOOL_CONVERSION = YES;
				CLANG_WARN_CONSTANT_CONVERSION = YES;
				CLANG_WARN_DIRECT_OBJC_ISA_USAGE = YES_ERROR;
				CLANG_WARN_EMPTY_BODY = YES;
				CLANG_WARN_ENUM_CONVERSION = YES;
				CLANG_WARN_INT_CONVERSION = YES;
				CLANG_WARN_OBJC_ROOT_CLASS = YES_ERROR;
				CLANG_WARN_UNREACHABLE_CODE = YES;
				CLANG_WARN__DUPLICATE_METHOD_MATCH = YES;
				"CODE_SIGN_IDENTITY[sdk=iphoneos*]" = "iPhone Developer";
				COPY_PHASE_STRIP = NO;
				DEBUG_INFORMATION_FORMAT = dwarf;
				ENABLE_STRICT_OBJC_MSGSEND = YES;
				ENABLE_TESTABILITY = YES;
				GCC_C_LANGUAGE_STANDARD = gnu99;
				GCC_DYNAMIC_NO_PIC = NO;
				GCC_NO_COMMON_BLOCKS = YES;
				GCC_OPTIMIZATION_LEVEL = 0;
				GCC_PREPROCESSOR_DEFINITIONS = (
					"DEBUG=1",
					"$(inherited)",
				);
				GCC_WARN_64_TO_32_BIT_CONVERSION = YES;
				GCC_WARN_ABOUT_RETURN_TYPE = YES_ERROR;
				GCC_WARN_UNDECLARED_SELECTOR = YES;
				GCC_WARN_UNINITIALIZED_AUTOS = YES_AGGRESSIVE;
				GCC_WARN_UNUSED_FUNCTION = YES;
				GCC_WARN_UNUSED_VARIABLE = YES;
				IPHONEOS_DEPLOYMENT_TARGET = 9.3;
				MTL_ENABLE_DEBUG_INFO = YES;
				ONLY_ACTIVE_ARCH = YES;
				SDKROOT = iphoneos;
				TARGETED_DEVICE_FAMILY = "1,2";
			};
			name = Debug;
		};
		3743EA311D52D07300E05F24 /* Release */ = {
			isa = XCBuildConfiguration;
			buildSettings = {
				ALWAYS_SEARCH_USER_PATHS = NO;
				CLANG_ANALYZER_NONNULL = YES;
				CLANG_CXX_LANGUAGE_STANDARD = "gnu++0x";
				CLANG_CXX_LIBRARY = "libc++";
				CLANG_ENABLE_MODULES = YES;
				CLANG_ENABLE_OBJC_ARC = YES;
				CLANG_WARN_BOOL_CONVERSION = YES;
				CLANG_WARN_CONSTANT_CONVERSION = YES;
				CLANG_WARN_DIRECT_OBJC_ISA_USAGE = YES_ERROR;
				CLANG_WARN_EMPTY_BODY = YES;
				CLANG_WARN_ENUM_CONVERSION = YES;
				CLANG_WARN_INT_CONVERSION = YES;
				CLANG_WARN_OBJC_ROOT_CLASS = YES_ERROR;
				CLANG_WARN_UNREACHABLE_CODE = YES;
				CLANG_WARN__DUPLICATE_METHOD_MATCH = YES;
				"CODE_SIGN_IDENTITY[sdk=iphoneos*]" = "iPhone Developer";
				COPY_PHASE_STRIP = NO;
				DEBUG_INFORMATION_FORMAT = "dwarf-with-dsym";
				ENABLE_NS_ASSERTIONS = NO;
				ENABLE_STRICT_OBJC_MSGSEND = YES;
				GCC_C_LANGUAGE_STANDARD = gnu99;
				GCC_NO_COMMON_BLOCKS = YES;
				GCC_WARN_64_TO_32_BIT_CONVERSION = YES;
				GCC_WARN_ABOUT_RETURN_TYPE = YES_ERROR;
				GCC_WARN_UNDECLARED_SELECTOR = YES;
				GCC_WARN_UNINITIALIZED_AUTOS = YES_AGGRESSIVE;
				GCC_WARN_UNUSED_FUNCTION = YES;
				GCC_WARN_UNUSED_VARIABLE = YES;
				IPHONEOS_DEPLOYMENT_TARGET = 9.3;
				MTL_ENABLE_DEBUG_INFO = NO;
				SDKROOT = iphoneos;
				TARGETED_DEVICE_FAMILY = "1,2";
				VALIDATE_PRODUCT = YES;
			};
			name = Release;
		};
		3743EA331D52D07300E05F24 /* Debug */ = {
			isa = XCBuildConfiguration;
			buildSettings = {
				ASSETCATALOG_COMPILER_APPICON_NAME = AppIcon;
				INFOPLIST_FILE = "Deliver&ResponderChainTest/Info.plist";
				IPHONEOS_DEPLOYMENT_TARGET = 8.4;
				LD_RUNPATH_SEARCH_PATHS = "$(inherited) @executable_path/Frameworks";
				PRODUCT_BUNDLE_IDENTIFIER = "lc.china.Deliver-ResponderChainTest";
				PRODUCT_NAME = "$(TARGET_NAME)";
			};
			name = Debug;
		};
		3743EA341D52D07300E05F24 /* Release */ = {
			isa = XCBuildConfiguration;
			buildSettings = {
				ASSETCATALOG_COMPILER_APPICON_NAME = AppIcon;
				INFOPLIST_FILE = "Deliver&ResponderChainTest/Info.plist";
				IPHONEOS_DEPLOYMENT_TARGET = 8.4;
				LD_RUNPATH_SEARCH_PATHS = "$(inherited) @executable_path/Frameworks";
				PRODUCT_BUNDLE_IDENTIFIER = "lc.china.Deliver-ResponderChainTest";
				PRODUCT_NAME = "$(TARGET_NAME)";
			};
			name = Release;
		};
		3743EA361D52D07300E05F24 /* Debug */ = {
			isa = XCBuildConfiguration;
			buildSettings = {
				BUNDLE_LOADER = "$(TEST_HOST)";
				INFOPLIST_FILE = "Deliver&ResponderChainTestTests/Info.plist";
				LD_RUNPATH_SEARCH_PATHS = "$(inherited) @executable_path/Frameworks @loader_path/Frameworks";
				PRODUCT_BUNDLE_IDENTIFIER = "lc.china.Deliver-ResponderChainTestTests";
				PRODUCT_NAME = "$(TARGET_NAME)";
				TEST_HOST = "$(BUILT_PRODUCTS_DIR)/Deliver&ResponderChainTest.app/Deliver&ResponderChainTest";
			};
			name = Debug;
		};
		3743EA371D52D07300E05F24 /* Release */ = {
			isa = XCBuildConfiguration;
			buildSettings = {
				BUNDLE_LOADER = "$(TEST_HOST)";
				INFOPLIST_FILE = "Deliver&ResponderChainTestTests/Info.plist";
				LD_RUNPATH_SEARCH_PATHS = "$(inherited) @executable_path/Frameworks @loader_path/Frameworks";
				PRODUCT_BUNDLE_IDENTIFIER = "lc.china.Deliver-ResponderChainTestTests";
				PRODUCT_NAME = "$(TARGET_NAME)";
				TEST_HOST = "$(BUILT_PRODUCTS_DIR)/Deliver&ResponderChainTest.app/Deliver&ResponderChainTest";
			};
			name = Release;
		};
		3743EA391D52D07300E05F24 /* Debug */ = {
			isa = XCBuildConfiguration;
			buildSettings = {
				INFOPLIST_FILE = "Deliver&ResponderChainTestUITests/Info.plist";
				LD_RUNPATH_SEARCH_PATHS = "$(inherited) @executable_path/Frameworks @loader_path/Frameworks";
				PRODUCT_BUNDLE_IDENTIFIER = "lc.china.Deliver-ResponderChainTestUITests";
				PRODUCT_NAME = "$(TARGET_NAME)";
				TEST_TARGET_NAME = "Deliver&ResponderChainTest";
			};
			name = Debug;
		};
		3743EA3A1D52D07300E05F24 /* Release */ = {
			isa = XCBuildConfiguration;
			buildSettings = {
				INFOPLIST_FILE = "Deliver&ResponderChainTestUITests/Info.plist";
				LD_RUNPATH_SEARCH_PATHS = "$(inherited) @executable_path/Frameworks @loader_path/Frameworks";
				PRODUCT_BUNDLE_IDENTIFIER = "lc.china.Deliver-ResponderChainTestUITests";
				PRODUCT_NAME = "$(TARGET_NAME)";
				TEST_TARGET_NAME = "Deliver&ResponderChainTest";
			};
			name = Release;
		};
/* End XCBuildConfiguration section */

/* Begin XCConfigurationList section */
		3743EA001D52D07200E05F24 /* Build configuration list for PBXProject "Deliver&ResponderChainTest" */ = {
			isa = XCConfigurationList;
			buildConfigurations = (
				3743EA301D52D07300E05F24 /* Debug */,
				3743EA311D52D07300E05F24 /* Release */,
			);
			defaultConfigurationIsVisible = 0;
			defaultConfigurationName = Release;
		};
		3743EA321D52D07300E05F24 /* Build configuration list for PBXNativeTarget "Deliver&ResponderChainTest" */ = {
			isa = XCConfigurationList;
			buildConfigurations = (
				3743EA331D52D07300E05F24 /* Debug */,
				3743EA341D52D07300E05F24 /* Release */,
			);
			defaultConfigurationIsVisible = 0;
		};
		3743EA351D52D07300E05F24 /* Build configuration list for PBXNativeTarget "Deliver&ResponderChainTestTests" */ = {
			isa = XCConfigurationList;
			buildConfigurations = (
				3743EA361D52D07300E05F24 /* Debug */,
				3743EA371D52D07300E05F24 /* Release */,
			);
			defaultConfigurationIsVisible = 0;
		};
		3743EA381D52D07300E05F24 /* Build configuration list for PBXNativeTarget "Deliver&ResponderChainTestUITests" */ = {
			isa = XCConfigurationList;
			buildConfigurations = (
				3743EA391D52D07300E05F24 /* Debug */,
				3743EA3A1D52D07300E05F24 /* Release */,
			);
			defaultConfigurationIsVisible = 0;
		};
/* End XCConfigurationList section */
	};
	rootObject = 3743E9FD1D52D07200E05F24 /* Project object */;
}
